
Microsoft Visual Studio Solution File, Format Version 12.00
# Visual Studio 15
VisualStudioVersion = 15.0.28307.136
MinimumVisualStudioVersion = 10.0.40219.1
Project("{FAE04EC0-301F-11D3-BF4B-00C04F79EFBC}") = "P03_SalesDatabase", "P03_SalesDatabase\P03_SalesDatabase.csproj", "{8D7171E6-9F71-474B-9932-FAEE5BB49605}"
EndProject
Project("{FAE04EC0-301F-11D3-BF4B-00C04F79EFBC}") = "P03_SalesDatabase.Data", "P03_SalesDatabase.Data\P03_SalesDatabase.Data.csproj", "{77CD6D88-A5E4-4CF3-86EC-23F386519983}"
EndProject
Project("{FAE04EC0-301F-11D3-BF4B-00C04F79EFBC}") = "P03_SalesDatabase.Data.Models", "P03_SalesDatabase.Data.Models\P03_SalesDatabase.Data.Models.csproj", "{160DB84B-09BD-4173-ABEC-9E2C8A26B3C9}"
EndProject
Global
	GlobalSection(SolutionConfigurationPlatforms) = preSolution
		Debug|Any CPU = Debug|Any CPU
		Release|Any CPU = Release|Any CPU
	EndGlobalSection
	GlobalSection(ProjectConfigurationPlatforms) = postSolution
		{8D7171E6-9F71-474B-9932-FAEE5BB49605}.Debug|Any CPU.ActiveCfg = Debug|Any CPU
		{8D7171E6-9F71-474B-9932-FAEE5BB49605}.Debug|Any CPU.Build.0 = Debug|Any CPU
		{8D7171E6-9F71-474B-9932-FAEE5BB49605}.Release|Any CPU.ActiveCfg = Release|Any CPU
		{8D7171E6-9F71-474B-9932-FAEE5BB49605}.Release|Any CPU.Build.0 = Release|Any CPU
		{77CD6D88-A5E4-4CF3-86EC-23F386519983}.Debug|Any CPU.ActiveCfg = Debug|Any CPU
		{77CD6D88-A5E4-4CF3-86EC-23F386519983}.Debug|Any CPU.Build.0 = Debug|Any CPU
		{77CD6D88-A5E4-4CF3-86EC-23F386519983}.Release|Any CPU.ActiveCfg = Release|Any CPU
		{77CD6D88-A5E4-4CF3-86EC-23F386519983}.Release|Any CPU.Build.0 = Release|Any CPU
		{160DB84B-09BD-4173-ABEC-9E2C8A26B3C9}.Debug|Any CPU.ActiveCfg = Debug|Any CPU
		{160DB84B-09BD-4173-ABEC-9E2C8A26B3C9}.Debug|Any CPU.Build.0 = Debug|Any CPU
		{160DB84B-09BD-4173-ABEC-9E2C8A26B3C9}.Release|Any CPU.ActiveCfg = Release|Any CPU
		{160DB84B-09BD-4173-ABEC-9E2C8A26B3C9}.Release|Any CPU.Build.0 = Release|Any CPU
	EndGlobalSection
	GlobalSection(SolutionProperties) = preSolution
		HideSolutionNode = FALSE
	EndGlobalSection
	GlobalSection(ExtensibilityGlobals) = postSolution
		SolutionGuid = {821B9583-8CE5-460D-81B7-8158BDD8F999}
	EndGlobalSection
EndGlobal
